
Microsoft Visual Studio Solution File, Format Version 12.00
# Visual Studio Version 16
VisualStudioVersion = 16.0.29418.71
MinimumVisualStudioVersion = 10.0.40219.1
Project("{9A19103F-16F7-4668-BE54-9A1E7A4F7556}") = "Appointment_Schedule_Project", "Library_System_ADO\Appointment_Schedule_Project.csproj", "{167A5B1F-C7AE-4F2F-BB99-23EA7D1F7BFB}"
EndProject
Global
	GlobalSection(SolutionConfigurationPlatforms) = preSolution
		Debug|Any CPU = Debug|Any CPU
		Release|Any CPU = Release|Any CPU
	EndGlobalSection
	GlobalSection(ProjectConfigurationPlatforms) = postSolution
		{167A5B1F-C7AE-4F2F-BB99-23EA7D1F7BFB}.Debug|Any CPU.ActiveCfg = Debug|Any CPU
		{167A5B1F-C7AE-4F2F-BB99-23EA7D1F7BFB}.Debug|Any CPU.Build.0 = Debug|Any CPU
		{167A5B1F-C7AE-4F2F-BB99-23EA7D1F7BFB}.Release|Any CPU.ActiveCfg = Release|Any CPU
		{167A5B1F-C7AE-4F2F-BB99-23EA7D1F7BFB}.Release|Any CPU.Build.0 = Release|Any CPU
	EndGlobalSection
	GlobalSection(SolutionProperties) = preSolution
		HideSolutionNode = FALSE
	EndGlobalSection
	GlobalSection(ExtensibilityGlobals) = postSolution
		SolutionGuid = {BE842931-3C88-4D70-8107-28FE4FE326CF}
	EndGlobalSection
EndGlobal
